
Microsoft Visual Studio Solution File, Format Version 12.00
# Visual Studio Version 17
VisualStudioVersion = 17.3.32825.248
MinimumVisualStudioVersion = 10.0.40219.1
Project("{9A19103F-16F7-4668-BE54-9A1E7A4F7556}") = "UnitedSets", "UnitedSets\UnitedSets.csproj", "{EFE6AC7B-8282-47F6-8720-93EBB4047BE1}"
EndProject
Project("{9A19103F-16F7-4668-BE54-9A1E7A4F7556}") = "Cube.UI", "Cube.UI\Cube.UI.csproj", "{3A1CD6E2-BC2E-4BAD-80B9-1CBDEEF60F74}"
EndProject
Project("{9A19103F-16F7-4668-BE54-9A1E7A4F7556}") = "WinWrapper", "WinWrapper\WinWrapper\WinWrapper.csproj", "{26962566-1810-46EA-97D2-65AA75042123}"
EndProject
Global
	GlobalSection(SolutionConfigurationPlatforms) = preSolution
		Debug|Any CPU = Debug|Any CPU
		Debug|arm64 = Debug|arm64
		Debug|x64 = Debug|x64
		Debug|x86 = Debug|x86
		Release|Any CPU = Release|Any CPU
		Release|arm64 = Release|arm64
		Release|x64 = Release|x64
		Release|x86 = Release|x86
	EndGlobalSection
	GlobalSection(ProjectConfigurationPlatforms) = postSolution
		{EFE6AC7B-8282-47F6-8720-93EBB4047BE1}.Debug|Any CPU.ActiveCfg = Debug|x64
		{EFE6AC7B-8282-47F6-8720-93EBB4047BE1}.Debug|Any CPU.Build.0 = Debug|x64
		{EFE6AC7B-8282-47F6-8720-93EBB4047BE1}.Debug|Any CPU.Deploy.0 = Debug|x64
		{EFE6AC7B-8282-47F6-8720-93EBB4047BE1}.Debug|arm64.ActiveCfg = Debug|arm64
		{EFE6AC7B-8282-47F6-8720-93EBB4047BE1}.Debug|arm64.Build.0 = Debug|arm64
		{EFE6AC7B-8282-47F6-8720-93EBB4047BE1}.Debug|arm64.Deploy.0 = Debug|arm64
		{EFE6AC7B-8282-47F6-8720-93EBB4047BE1}.Debug|x64.ActiveCfg = Debug|x64
		{EFE6AC7B-8282-47F6-8720-93EBB4047BE1}.Debug|x64.Build.0 = Debug|x64
		{EFE6AC7B-8282-47F6-8720-93EBB4047BE1}.Debug|x64.Deploy.0 = Debug|x64
		{EFE6AC7B-8282-47F6-8720-93EBB4047BE1}.Debug|x86.ActiveCfg = Debug|x86
		{EFE6AC7B-8282-47F6-8720-93EBB4047BE1}.Debug|x86.Build.0 = Debug|x86
		{EFE6AC7B-8282-47F6-8720-93EBB4047BE1}.Debug|x86.Deploy.0 = Debug|x86
		{EFE6AC7B-8282-47F6-8720-93EBB4047BE1}.Release|Any CPU.ActiveCfg = Release|x64
		{EFE6AC7B-8282-47F6-8720-93EBB4047BE1}.Release|Any CPU.Build.0 = Release|x64
		{EFE6AC7B-8282-47F6-8720-93EBB4047BE1}.Release|Any CPU.Deploy.0 = Release|x64
		{EFE6AC7B-8282-47F6-8720-93EBB4047BE1}.Release|arm64.ActiveCfg = Release|arm64
		{EFE6AC7B-8282-47F6-8720-93EBB4047BE1}.Release|arm64.Build.0 = Release|arm64
		{EFE6AC7B-8282-47F6-8720-93EBB4047BE1}.Release|arm64.Deploy.0 = Release|arm64
		{EFE6AC7B-8282-47F6-8720-93EBB4047BE1}.Release|x64.ActiveCfg = Release|x64
		{EFE6AC7B-8282-47F6-8720-93EBB4047BE1}.Release|x64.Build.0 = Release|x64
		{EFE6AC7B-8282-47F6-8720-93EBB4047BE1}.Release|x64.Deploy.0 = Release|x64
		{EFE6AC7B-8282-47F6-8720-93EBB4047BE1}.Release|x86.ActiveCfg = Release|x86
		{EFE6AC7B-8282-47F6-8720-93EBB4047BE1}.Release|x86.Build.0 = Release|x86
		{EFE6AC7B-8282-47F6-8720-93EBB4047BE1}.Release|x86.Deploy.0 = Release|x86
		{3A1CD6E2-BC2E-4BAD-80B9-1CBDEEF60F74}.Debug|Any CPU.ActiveCfg = Debug|Any CPU
		{3A1CD6E2-BC2E-4BAD-80B9-1CBDEEF60F74}.Debug|Any CPU.Build.0 = Debug|Any CPU
		{3A1CD6E2-BC2E-4BAD-80B9-1CBDEEF60F74}.Debug|arm64.ActiveCfg = Debug|Any CPU
		{3A1CD6E2-BC2E-4BAD-80B9-1CBDEEF60F74}.Debug|arm64.Build.0 = Debug|Any CPU
		{3A1CD6E2-BC2E-4BAD-80B9-1CBDEEF60F74}.Debug|x64.ActiveCfg = Debug|Any CPU
		{3A1CD6E2-BC2E-4BAD-80B9-1CBDEEF60F74}.Debug|x64.Build.0 = Debug|Any CPU
		{3A1CD6E2-BC2E-4BAD-80B9-1CBDEEF60F74}.Debug|x86.ActiveCfg = Debug|Any CPU
		{3A1CD6E2-BC2E-4BAD-80B9-1CBDEEF60F74}.Debug|x86.Build.0 = Debug|Any CPU
		{3A1CD6E2-BC2E-4BAD-80B9-1CBDEEF60F74}.Release|Any CPU.ActiveCfg = Release|Any CPU
		{3A1CD6E2-BC2E-4BAD-80B9-1CBDEEF60F74}.Release|Any CPU.Build.0 = Release|Any CPU
		{3A1CD6E2-BC2E-4BAD-80B9-1CBDEEF60F74}.Release|arm64.ActiveCfg = Release|Any CPU
		{3A1CD6E2-BC2E-4BAD-80B9-1CBDEEF60F74}.Release|arm64.Build.0 = Release|Any CPU
		{3A1CD6E2-BC2E-4BAD-80B9-1CBDEEF60F74}.Release|x64.ActiveCfg = Release|Any CPU
		{3A1CD6E2-BC2E-4BAD-80B9-1CBDEEF60F74}.Release|x64.Build.0 = Release|Any CPU
		{3A1CD6E2-BC2E-4BAD-80B9-1CBDEEF60F74}.Release|x86.ActiveCfg = Release|Any CPU
		{3A1CD6E2-BC2E-4BAD-80B9-1CBDEEF60F74}.Release|x86.Build.0 = Release|Any CPU
		{26962566-1810-46EA-97D2-65AA75042123}.Debug|Any CPU.ActiveCfg = Debug|Any CPU
		{26962566-1810-46EA-97D2-65AA75042123}.Debug|Any CPU.Build.0 = Debug|Any CPU
		{26962566-1810-46EA-97D2-65AA75042123}.Debug|arm64.ActiveCfg = Debug|Any CPU
		{26962566-1810-46EA-97D2-65AA75042123}.Debug|arm64.Build.0 = Debug|Any CPU
		{26962566-1810-46EA-97D2-65AA75042123}.Debug|x64.ActiveCfg = Debug|Any CPU
		{26962566-1810-46EA-97D2-65AA75042123}.Debug|x64.Build.0 = Debug|Any CPU
		{26962566-1810-46EA-97D2-65AA75042123}.Debug|x86.ActiveCfg = Debug|Any CPU
		{26962566-1810-46EA-97D2-65AA75042123}.Debug|x86.Build.0 = Debug|Any CPU
		{26962566-1810-46EA-97D2-65AA75042123}.Release|Any CPU.ActiveCfg = Release|Any CPU
		{26962566-1810-46EA-97D2-65AA75042123}.Release|Any CPU.Build.0 = Release|Any CPU
		{26962566-1810-46EA-97D2-65AA75042123}.Release|arm64.ActiveCfg = Release|Any CPU
		{26962566-1810-46EA-97D2-65AA75042123}.Release|arm64.Build.0 = Release|Any CPU
		{26962566-1810-46EA-97D2-65AA75042123}.Release|x64.ActiveCfg = Release|Any CPU
		{26962566-1810-46EA-97D2-65AA75042123}.Release|x64.Build.0 = Release|Any CPU
		{26962566-1810-46EA-97D2-65AA75042123}.Release|x86.ActiveCfg = Release|Any CPU
		{26962566-1810-46EA-97D2-65AA75042123}.Release|x86.Build.0 = Release|Any CPU
	EndGlobalSection
	GlobalSection(SolutionProperties) = preSolution
		HideSolutionNode = FALSE
	EndGlobalSection
	GlobalSection(ExtensibilityGlobals) = postSolution
		SolutionGuid = {3A1D8610-2D6B-4D86-9B3F-A0C42645380B}
	EndGlobalSection
EndGlobal
