
Microsoft Visual Studio Solution File, Format Version 12.00
# Visual Studio Version 17
VisualStudioVersion = 17.3.32825.248
MinimumVisualStudioVersion = 10.0.40219.1
Project("{9A19103F-16F7-4668-BE54-9A1E7A4F7556}") = "UnitedSets", "UnitedSets\UnitedSets.csproj", "{EFE6AC7B-8282-47F6-8720-93EBB4047BE1}"
EndProject
Project("{9A19103F-16F7-4668-BE54-9A1E7A4F7556}") = "Cube.UI", "Cube.UI\Cube.UI.csproj", "{3A1CD6E2-BC2E-4BAD-80B9-1CBDEEF60F74}"
EndProject
Project("{9A19103F-16F7-4668-BE54-9A1E7A4F7556}") = "WinWrapper", "WinWrapper\WinWrapper\WinWrapper.csproj", "{1BE329C4-9591-4140-9804-D689D45DB501}"
EndProject
Project("{9A19103F-16F7-4668-BE54-9A1E7A4F7556}") = "EasyXAMLTools.Generator", "EasyXAMLTools\EasyXAMLTools.Generator\EasyXAMLTools.Generator.csproj", "{219F79E1-0EF0-4276-AEFD-6E50C039144B}"
EndProject
Project("{9A19103F-16F7-4668-BE54-9A1E7A4F7556}") = "EasyXAMLTools", "EasyXAMLTools\EasyXAMLTools\EasyXAMLTools.csproj", "{F9BF1695-847C-4677-A8F3-9E57DB75325B}"
EndProject
Project("{9A19103F-16F7-4668-BE54-9A1E7A4F7556}") = "EasyCSharp", "EasyXAMLTools\EasyCSharp\EasyCSharp\EasyCSharp.csproj", "{93F1F1B5-FFD9-460E-8FF1-B7BE39C20F23}"
EndProject
Project("{9A19103F-16F7-4668-BE54-9A1E7A4F7556}") = "EasyCSharp.Generator", "EasyXAMLTools\EasyCSharp\EasyCSharp.Generator\EasyCSharp.Generator.csproj", "{A4C7B15F-D579-492C-8945-A6841DC0B236}"
EndProject
Global
	GlobalSection(SolutionConfigurationPlatforms) = preSolution
		Debug|Any CPU = Debug|Any CPU
		Debug|arm64 = Debug|arm64
		Debug|x64 = Debug|x64
		Debug|x86 = Debug|x86
		Release|Any CPU = Release|Any CPU
		Release|arm64 = Release|arm64
		Release|x64 = Release|x64
		Release|x86 = Release|x86
	EndGlobalSection
	GlobalSection(ProjectConfigurationPlatforms) = postSolution
		{EFE6AC7B-8282-47F6-8720-93EBB4047BE1}.Debug|Any CPU.ActiveCfg = Debug|x64
		{EFE6AC7B-8282-47F6-8720-93EBB4047BE1}.Debug|Any CPU.Build.0 = Debug|x64
		{EFE6AC7B-8282-47F6-8720-93EBB4047BE1}.Debug|Any CPU.Deploy.0 = Debug|x64
		{EFE6AC7B-8282-47F6-8720-93EBB4047BE1}.Debug|arm64.ActiveCfg = Debug|arm64
		{EFE6AC7B-8282-47F6-8720-93EBB4047BE1}.Debug|arm64.Build.0 = Debug|arm64
		{EFE6AC7B-8282-47F6-8720-93EBB4047BE1}.Debug|arm64.Deploy.0 = Debug|arm64
		{EFE6AC7B-8282-47F6-8720-93EBB4047BE1}.Debug|x64.ActiveCfg = Debug|x64
		{EFE6AC7B-8282-47F6-8720-93EBB4047BE1}.Debug|x64.Build.0 = Debug|x64
		{EFE6AC7B-8282-47F6-8720-93EBB4047BE1}.Debug|x64.Deploy.0 = Debug|x64
		{EFE6AC7B-8282-47F6-8720-93EBB4047BE1}.Debug|x86.ActiveCfg = Debug|x86
		{EFE6AC7B-8282-47F6-8720-93EBB4047BE1}.Debug|x86.Build.0 = Debug|x86
		{EFE6AC7B-8282-47F6-8720-93EBB4047BE1}.Debug|x86.Deploy.0 = Debug|x86
		{EFE6AC7B-8282-47F6-8720-93EBB4047BE1}.Release|Any CPU.ActiveCfg = Release|x64
		{EFE6AC7B-8282-47F6-8720-93EBB4047BE1}.Release|Any CPU.Build.0 = Release|x64
		{EFE6AC7B-8282-47F6-8720-93EBB4047BE1}.Release|Any CPU.Deploy.0 = Release|x64
		{EFE6AC7B-8282-47F6-8720-93EBB4047BE1}.Release|arm64.ActiveCfg = Release|arm64
		{EFE6AC7B-8282-47F6-8720-93EBB4047BE1}.Release|arm64.Build.0 = Release|arm64
		{EFE6AC7B-8282-47F6-8720-93EBB4047BE1}.Release|arm64.Deploy.0 = Release|arm64
		{EFE6AC7B-8282-47F6-8720-93EBB4047BE1}.Release|x64.ActiveCfg = Release|x64
		{EFE6AC7B-8282-47F6-8720-93EBB4047BE1}.Release|x64.Build.0 = Release|x64
		{EFE6AC7B-8282-47F6-8720-93EBB4047BE1}.Release|x64.Deploy.0 = Release|x64
		{EFE6AC7B-8282-47F6-8720-93EBB4047BE1}.Release|x86.ActiveCfg = Release|x86
		{EFE6AC7B-8282-47F6-8720-93EBB4047BE1}.Release|x86.Build.0 = Release|x86
		{EFE6AC7B-8282-47F6-8720-93EBB4047BE1}.Release|x86.Deploy.0 = Release|x86
		{3A1CD6E2-BC2E-4BAD-80B9-1CBDEEF60F74}.Debug|Any CPU.ActiveCfg = Debug|Any CPU
		{3A1CD6E2-BC2E-4BAD-80B9-1CBDEEF60F74}.Debug|Any CPU.Build.0 = Debug|Any CPU
		{3A1CD6E2-BC2E-4BAD-80B9-1CBDEEF60F74}.Debug|arm64.ActiveCfg = Debug|Any CPU
		{3A1CD6E2-BC2E-4BAD-80B9-1CBDEEF60F74}.Debug|arm64.Build.0 = Debug|Any CPU
		{3A1CD6E2-BC2E-4BAD-80B9-1CBDEEF60F74}.Debug|x64.ActiveCfg = Debug|Any CPU
		{3A1CD6E2-BC2E-4BAD-80B9-1CBDEEF60F74}.Debug|x64.Build.0 = Debug|Any CPU
		{3A1CD6E2-BC2E-4BAD-80B9-1CBDEEF60F74}.Debug|x86.ActiveCfg = Debug|Any CPU
		{3A1CD6E2-BC2E-4BAD-80B9-1CBDEEF60F74}.Debug|x86.Build.0 = Debug|Any CPU
		{3A1CD6E2-BC2E-4BAD-80B9-1CBDEEF60F74}.Release|Any CPU.ActiveCfg = Release|Any CPU
		{3A1CD6E2-BC2E-4BAD-80B9-1CBDEEF60F74}.Release|Any CPU.Build.0 = Release|Any CPU
		{3A1CD6E2-BC2E-4BAD-80B9-1CBDEEF60F74}.Release|arm64.ActiveCfg = Release|Any CPU
		{3A1CD6E2-BC2E-4BAD-80B9-1CBDEEF60F74}.Release|arm64.Build.0 = Release|Any CPU
		{3A1CD6E2-BC2E-4BAD-80B9-1CBDEEF60F74}.Release|x64.ActiveCfg = Release|Any CPU
		{3A1CD6E2-BC2E-4BAD-80B9-1CBDEEF60F74}.Release|x64.Build.0 = Release|Any CPU
		{3A1CD6E2-BC2E-4BAD-80B9-1CBDEEF60F74}.Release|x86.ActiveCfg = Release|Any CPU
		{3A1CD6E2-BC2E-4BAD-80B9-1CBDEEF60F74}.Release|x86.Build.0 = Release|Any CPU
		{1BE329C4-9591-4140-9804-D689D45DB501}.Debug|Any CPU.ActiveCfg = Debug|Any CPU
		{1BE329C4-9591-4140-9804-D689D45DB501}.Debug|Any CPU.Build.0 = Debug|Any CPU
		{1BE329C4-9591-4140-9804-D689D45DB501}.Debug|arm64.ActiveCfg = Debug|Any CPU
		{1BE329C4-9591-4140-9804-D689D45DB501}.Debug|arm64.Build.0 = Debug|Any CPU
		{1BE329C4-9591-4140-9804-D689D45DB501}.Debug|x64.ActiveCfg = Debug|Any CPU
		{1BE329C4-9591-4140-9804-D689D45DB501}.Debug|x64.Build.0 = Debug|Any CPU
		{1BE329C4-9591-4140-9804-D689D45DB501}.Debug|x86.ActiveCfg = Debug|Any CPU
		{1BE329C4-9591-4140-9804-D689D45DB501}.Debug|x86.Build.0 = Debug|Any CPU
		{1BE329C4-9591-4140-9804-D689D45DB501}.Release|Any CPU.ActiveCfg = Release|Any CPU
		{1BE329C4-9591-4140-9804-D689D45DB501}.Release|Any CPU.Build.0 = Release|Any CPU
		{1BE329C4-9591-4140-9804-D689D45DB501}.Release|arm64.ActiveCfg = Release|Any CPU
		{1BE329C4-9591-4140-9804-D689D45DB501}.Release|arm64.Build.0 = Release|Any CPU
		{1BE329C4-9591-4140-9804-D689D45DB501}.Release|x64.ActiveCfg = Release|Any CPU
		{1BE329C4-9591-4140-9804-D689D45DB501}.Release|x64.Build.0 = Release|Any CPU
		{1BE329C4-9591-4140-9804-D689D45DB501}.Release|x86.ActiveCfg = Release|Any CPU
		{1BE329C4-9591-4140-9804-D689D45DB501}.Release|x86.Build.0 = Release|Any CPU
		{219F79E1-0EF0-4276-AEFD-6E50C039144B}.Debug|Any CPU.ActiveCfg = Debug|Any CPU
		{219F79E1-0EF0-4276-AEFD-6E50C039144B}.Debug|Any CPU.Build.0 = Debug|Any CPU
		{219F79E1-0EF0-4276-AEFD-6E50C039144B}.Debug|arm64.ActiveCfg = Debug|Any CPU
		{219F79E1-0EF0-4276-AEFD-6E50C039144B}.Debug|arm64.Build.0 = Debug|Any CPU
		{219F79E1-0EF0-4276-AEFD-6E50C039144B}.Debug|x64.ActiveCfg = Debug|Any CPU
		{219F79E1-0EF0-4276-AEFD-6E50C039144B}.Debug|x64.Build.0 = Debug|Any CPU
		{219F79E1-0EF0-4276-AEFD-6E50C039144B}.Debug|x86.ActiveCfg = Debug|Any CPU
		{219F79E1-0EF0-4276-AEFD-6E50C039144B}.Debug|x86.Build.0 = Debug|Any CPU
		{219F79E1-0EF0-4276-AEFD-6E50C039144B}.Release|Any CPU.ActiveCfg = Release|Any CPU
		{219F79E1-0EF0-4276-AEFD-6E50C039144B}.Release|Any CPU.Build.0 = Release|Any CPU
		{219F79E1-0EF0-4276-AEFD-6E50C039144B}.Release|arm64.ActiveCfg = Release|Any CPU
		{219F79E1-0EF0-4276-AEFD-6E50C039144B}.Release|arm64.Build.0 = Release|Any CPU
		{219F79E1-0EF0-4276-AEFD-6E50C039144B}.Release|x64.ActiveCfg = Release|Any CPU
		{219F79E1-0EF0-4276-AEFD-6E50C039144B}.Release|x64.Build.0 = Release|Any CPU
		{219F79E1-0EF0-4276-AEFD-6E50C039144B}.Release|x86.ActiveCfg = Release|Any CPU
		{219F79E1-0EF0-4276-AEFD-6E50C039144B}.Release|x86.Build.0 = Release|Any CPU
		{F9BF1695-847C-4677-A8F3-9E57DB75325B}.Debug|Any CPU.ActiveCfg = Debug|Any CPU
		{F9BF1695-847C-4677-A8F3-9E57DB75325B}.Debug|Any CPU.Build.0 = Debug|Any CPU
		{F9BF1695-847C-4677-A8F3-9E57DB75325B}.Debug|arm64.ActiveCfg = Debug|Any CPU
		{F9BF1695-847C-4677-A8F3-9E57DB75325B}.Debug|arm64.Build.0 = Debug|Any CPU
		{F9BF1695-847C-4677-A8F3-9E57DB75325B}.Debug|x64.ActiveCfg = Debug|Any CPU
		{F9BF1695-847C-4677-A8F3-9E57DB75325B}.Debug|x64.Build.0 = Debug|Any CPU
		{F9BF1695-847C-4677-A8F3-9E57DB75325B}.Debug|x86.ActiveCfg = Debug|Any CPU
		{F9BF1695-847C-4677-A8F3-9E57DB75325B}.Debug|x86.Build.0 = Debug|Any CPU
		{F9BF1695-847C-4677-A8F3-9E57DB75325B}.Release|Any CPU.ActiveCfg = Release|Any CPU
		{F9BF1695-847C-4677-A8F3-9E57DB75325B}.Release|Any CPU.Build.0 = Release|Any CPU
		{F9BF1695-847C-4677-A8F3-9E57DB75325B}.Release|arm64.ActiveCfg = Release|Any CPU
		{F9BF1695-847C-4677-A8F3-9E57DB75325B}.Release|arm64.Build.0 = Release|Any CPU
		{F9BF1695-847C-4677-A8F3-9E57DB75325B}.Release|x64.ActiveCfg = Release|Any CPU
		{F9BF1695-847C-4677-A8F3-9E57DB75325B}.Release|x64.Build.0 = Release|Any CPU
		{F9BF1695-847C-4677-A8F3-9E57DB75325B}.Release|x86.ActiveCfg = Release|Any CPU
		{F9BF1695-847C-4677-A8F3-9E57DB75325B}.Release|x86.Build.0 = Release|Any CPU
		{93F1F1B5-FFD9-460E-8FF1-B7BE39C20F23}.Debug|Any CPU.ActiveCfg = Debug|Any CPU
		{93F1F1B5-FFD9-460E-8FF1-B7BE39C20F23}.Debug|Any CPU.Build.0 = Debug|Any CPU
		{93F1F1B5-FFD9-460E-8FF1-B7BE39C20F23}.Debug|arm64.ActiveCfg = Debug|Any CPU
		{93F1F1B5-FFD9-460E-8FF1-B7BE39C20F23}.Debug|arm64.Build.0 = Debug|Any CPU
		{93F1F1B5-FFD9-460E-8FF1-B7BE39C20F23}.Debug|x64.ActiveCfg = Debug|Any CPU
		{93F1F1B5-FFD9-460E-8FF1-B7BE39C20F23}.Debug|x64.Build.0 = Debug|Any CPU
		{93F1F1B5-FFD9-460E-8FF1-B7BE39C20F23}.Debug|x86.ActiveCfg = Debug|Any CPU
		{93F1F1B5-FFD9-460E-8FF1-B7BE39C20F23}.Debug|x86.Build.0 = Debug|Any CPU
		{93F1F1B5-FFD9-460E-8FF1-B7BE39C20F23}.Release|Any CPU.ActiveCfg = Release|Any CPU
		{93F1F1B5-FFD9-460E-8FF1-B7BE39C20F23}.Release|Any CPU.Build.0 = Release|Any CPU
		{93F1F1B5-FFD9-460E-8FF1-B7BE39C20F23}.Release|arm64.ActiveCfg = Release|Any CPU
		{93F1F1B5-FFD9-460E-8FF1-B7BE39C20F23}.Release|arm64.Build.0 = Release|Any CPU
		{93F1F1B5-FFD9-460E-8FF1-B7BE39C20F23}.Release|x64.ActiveCfg = Release|Any CPU
		{93F1F1B5-FFD9-460E-8FF1-B7BE39C20F23}.Release|x64.Build.0 = Release|Any CPU
		{93F1F1B5-FFD9-460E-8FF1-B7BE39C20F23}.Release|x86.ActiveCfg = Release|Any CPU
		{93F1F1B5-FFD9-460E-8FF1-B7BE39C20F23}.Release|x86.Build.0 = Release|Any CPU
		{A4C7B15F-D579-492C-8945-A6841DC0B236}.Debug|Any CPU.ActiveCfg = Debug|Any CPU
		{A4C7B15F-D579-492C-8945-A6841DC0B236}.Debug|Any CPU.Build.0 = Debug|Any CPU
		{A4C7B15F-D579-492C-8945-A6841DC0B236}.Debug|arm64.ActiveCfg = Debug|Any CPU
		{A4C7B15F-D579-492C-8945-A6841DC0B236}.Debug|arm64.Build.0 = Debug|Any CPU
		{A4C7B15F-D579-492C-8945-A6841DC0B236}.Debug|x64.ActiveCfg = Debug|Any CPU
		{A4C7B15F-D579-492C-8945-A6841DC0B236}.Debug|x64.Build.0 = Debug|Any CPU
		{A4C7B15F-D579-492C-8945-A6841DC0B236}.Debug|x86.ActiveCfg = Debug|Any CPU
		{A4C7B15F-D579-492C-8945-A6841DC0B236}.Debug|x86.Build.0 = Debug|Any CPU
		{A4C7B15F-D579-492C-8945-A6841DC0B236}.Release|Any CPU.ActiveCfg = Release|Any CPU
		{A4C7B15F-D579-492C-8945-A6841DC0B236}.Release|Any CPU.Build.0 = Release|Any CPU
		{A4C7B15F-D579-492C-8945-A6841DC0B236}.Release|arm64.ActiveCfg = Release|Any CPU
		{A4C7B15F-D579-492C-8945-A6841DC0B236}.Release|arm64.Build.0 = Release|Any CPU
		{A4C7B15F-D579-492C-8945-A6841DC0B236}.Release|x64.ActiveCfg = Release|Any CPU
		{A4C7B15F-D579-492C-8945-A6841DC0B236}.Release|x64.Build.0 = Release|Any CPU
		{A4C7B15F-D579-492C-8945-A6841DC0B236}.Release|x86.ActiveCfg = Release|Any CPU
		{A4C7B15F-D579-492C-8945-A6841DC0B236}.Release|x86.Build.0 = Release|Any CPU
	EndGlobalSection
	GlobalSection(SolutionProperties) = preSolution
		HideSolutionNode = FALSE
	EndGlobalSection
	GlobalSection(ExtensibilityGlobals) = postSolution
		SolutionGuid = {3A1D8610-2D6B-4D86-9B3F-A0C42645380B}
	EndGlobalSection
EndGlobal
