<Solution>
  <Configurations>
    <BuildType Name="Debug" />
    <BuildType Name="DebugUnpackaged" />
    <BuildType Name="Release" />
    <Platform Name="arm64" />
    <Platform Name="x64" />
    <Platform Name="x86" />
  </Configurations>
  <Folder Name="/QuickMarkup/" />
  <Folder Name="/QuickMarkup/Libraries/">
    <Project Path="QuickMarkup/Parser/Get.Lexer.Shared/Get.Lexer.Shared.shproj" />
    <Project Path="QuickMarkup/Parser/Get.Parser.Shared/Get.Parser.Shared.shproj" />
    <Project Path="QuickMarkup/Parser/Get.RegexMachine.Shared/Get.RegexMachine.Shared.shproj" />
  </Folder>
  <Folder Name="/Solution Items/">
    <File Path=".editorconfig" />
  </Folder>
  <Project Path="Cube.UI/Cube.UI.csproj">
    <BuildType Solution="DebugUnpackaged|*" Project="Debug" />
  </Project>
  <Project Path="UnitedSets.WinFormss/UnitedSets.WinForms.csproj">
    <BuildType Solution="DebugUnpackaged|*" Project="Debug" />
  </Project>
  <Project Path="UnitedSets/UnitedSets.csproj">
    <BuildType Solution="DebugUnpackaged|*" Project="Debug" />
    <Platform Solution="*|arm64" Project="arm64" />
    <Platform Solution="*|x64" Project="x64" />
    <Platform Solution="*|x86" Project="x86" />
    <Deploy />
  </Project>
  <Project Path="WindowHoster/WindowHoster.csproj">
    <BuildType Solution="DebugUnpackaged|*" Project="Debug" />
    <Platform Solution="*|arm64" Project="arm64" />
    <Platform Solution="*|x64" Project="x64" />
    <Platform Solution="*|x86" Project="x86" />
  </Project>
</Solution>
